
Microsoft Visual Studio Solution File, Format Version 12.00
# Visual Studio Version 16
VisualStudioVersion = 16.0.31005.135
MinimumVisualStudioVersion = 10.0.40219.1
Project("{FAE04EC0-301F-11D3-BF4B-00C04F79EFBC}") = "IZ2", "IZ2.csproj", "{DDA04DCB-D473-494D-962F-E80E3F6EBB38}"
EndProject
Global
	GlobalSection(SolutionConfigurationPlatforms) = preSolution
		Debug|Any CPU = Debug|Any CPU
		Release|Any CPU = Release|Any CPU
	EndGlobalSection
	GlobalSection(ProjectConfigurationPlatforms) = postSolution
		{DDA04DCB-D473-494D-962F-E80E3F6EBB38}.Debug|Any CPU.ActiveCfg = Debug|Any CPU
		{DDA04DCB-D473-494D-962F-E80E3F6EBB38}.Debug|Any CPU.Build.0 = Debug|Any CPU
		{DDA04DCB-D473-494D-962F-E80E3F6EBB38}.Release|Any CPU.ActiveCfg = Release|Any CPU
		{DDA04DCB-D473-494D-962F-E80E3F6EBB38}.Release|Any CPU.Build.0 = Release|Any CPU
	EndGlobalSection
	GlobalSection(SolutionProperties) = preSolution
		HideSolutionNode = FALSE
	EndGlobalSection
	GlobalSection(ExtensibilityGlobals) = postSolution
		SolutionGuid = {472151C2-9A0A-46BB-B1C8-0F55B7694269}
	EndGlobalSection
EndGlobal
